
Microsoft Visual Studio Solution File, Format Version 12.00
# Visual Studio Version 17
VisualStudioVersion = 17.13.35931.197 d17.13
MinimumVisualStudioVersion = 10.0.40219.1
Project("{54A90642-561A-4BB1-A94E-469ADEE60C69}") = "aims.client", "aims.client\aims.client.esproj", "{E63B9D98-D77C-40DF-40BD-21F1363A2241}"
EndProject
Project("{FAE04EC0-301F-11D3-BF4B-00C04F79EFBC}") = "AIMS.Server", "AIMS.Server\AIMS.Server.csproj", "{1FD741FD-3582-44EF-8213-7E9C143EF8B6}"
EndProject
Global
	GlobalSection(SolutionConfigurationPlatforms) = preSolution
		Debug|Any CPU = Debug|Any CPU
		Release|Any CPU = Release|Any CPU
	EndGlobalSection
	GlobalSection(ProjectConfigurationPlatforms) = postSolution
		{E63B9D98-D77C-40DF-40BD-21F1363A2241}.Debug|Any CPU.ActiveCfg = Debug|Any CPU
		{E63B9D98-D77C-40DF-40BD-21F1363A2241}.Debug|Any CPU.Build.0 = Debug|Any CPU
		{E63B9D98-D77C-40DF-40BD-21F1363A2241}.Debug|Any CPU.Deploy.0 = Debug|Any CPU
		{E63B9D98-D77C-40DF-40BD-21F1363A2241}.Release|Any CPU.ActiveCfg = Release|Any CPU
		{E63B9D98-D77C-40DF-40BD-21F1363A2241}.Release|Any CPU.Build.0 = Release|Any CPU
		{E63B9D98-D77C-40DF-40BD-21F1363A2241}.Release|Any CPU.Deploy.0 = Release|Any CPU
		{1FD741FD-3582-44EF-8213-7E9C143EF8B6}.Debug|Any CPU.ActiveCfg = Debug|Any CPU
		{1FD741FD-3582-44EF-8213-7E9C143EF8B6}.Debug|Any CPU.Build.0 = Debug|Any CPU
		{1FD741FD-3582-44EF-8213-7E9C143EF8B6}.Release|Any CPU.ActiveCfg = Release|Any CPU
		{1FD741FD-3582-44EF-8213-7E9C143EF8B6}.Release|Any CPU.Build.0 = Release|Any CPU
	EndGlobalSection
	GlobalSection(SolutionProperties) = preSolution
		HideSolutionNode = FALSE
	EndGlobalSection
	GlobalSection(ExtensibilityGlobals) = postSolution
		SolutionGuid = {024E9163-C0B2-487F-92F0-5C8A5CA57F66}
	EndGlobalSection
EndGlobal
